
Microsoft Visual Studio Solution File, Format Version 12.00
# Visual Studio Version 17
VisualStudioVersion = 17.14.36518.9 d17.14
MinimumVisualStudioVersion = 10.0.40219.1
Project("{FAE04EC0-301F-11D3-BF4B-00C04F79EFBC}") = "Ykio", "Ykio\Ykio.csproj", "{F42F1350-CB38-4BCD-8C5F-B99E9DBF3B08}"
EndProject
Global
	GlobalSection(SolutionConfigurationPlatforms) = preSolution
		Debug|Any CPU = Debug|Any CPU
		Release|Any CPU = Release|Any CPU
	EndGlobalSection
	GlobalSection(ProjectConfigurationPlatforms) = postSolution
		{F42F1350-CB38-4BCD-8C5F-B99E9DBF3B08}.Debug|Any CPU.ActiveCfg = Debug|Any CPU
		{F42F1350-CB38-4BCD-8C5F-B99E9DBF3B08}.Debug|Any CPU.Build.0 = Debug|Any CPU
		{F42F1350-CB38-4BCD-8C5F-B99E9DBF3B08}.Release|Any CPU.ActiveCfg = Release|Any CPU
		{F42F1350-CB38-4BCD-8C5F-B99E9DBF3B08}.Release|Any CPU.Build.0 = Release|Any CPU
	EndGlobalSection
	GlobalSection(SolutionProperties) = preSolution
		HideSolutionNode = FALSE
	EndGlobalSection
	GlobalSection(ExtensibilityGlobals) = postSolution
		SolutionGuid = {AFB66B5B-483F-475D-9ABA-14F197DB5198}
	EndGlobalSection
EndGlobal
